
Microsoft Visual Studio Solution File, Format Version 12.00
# Visual Studio Version 17
VisualStudioVersion = 17.10.34928.147
MinimumVisualStudioVersion = 10.0.40219.1
Project("{FAE04EC0-301F-11D3-BF4B-00C04F79EFBC}") = "niuniakweb1", "niuniakweb1\niuniakweb1.csproj", "{64650E52-D102-4741-B46E-4C6C756BDB83}"
EndProject
Global
	GlobalSection(SolutionConfigurationPlatforms) = preSolution
		Debug|Any CPU = Debug|Any CPU
		Release|Any CPU = Release|Any CPU
	EndGlobalSection
	GlobalSection(ProjectConfigurationPlatforms) = postSolution
		{64650E52-D102-4741-B46E-4C6C756BDB83}.Debug|Any CPU.ActiveCfg = Debug|Any CPU
		{64650E52-D102-4741-B46E-4C6C756BDB83}.Debug|Any CPU.Build.0 = Debug|Any CPU
		{64650E52-D102-4741-B46E-4C6C756BDB83}.Release|Any CPU.ActiveCfg = Release|Any CPU
		{64650E52-D102-4741-B46E-4C6C756BDB83}.Release|Any CPU.Build.0 = Release|Any CPU
	EndGlobalSection
	GlobalSection(SolutionProperties) = preSolution
		HideSolutionNode = FALSE
	EndGlobalSection
	GlobalSection(ExtensibilityGlobals) = postSolution
		SolutionGuid = {ED27971A-495A-4337-8C39-69E0895A2107}
	EndGlobalSection
EndGlobal
